
Microsoft Visual Studio Solution File, Format Version 12.00
# Visual Studio 15
VisualStudioVersion = 15.0.27428.2037
MinimumVisualStudioVersion = 10.0.40219.1
Project("{8BC9CEB8-8B4A-11D0-8D11-00A0C91BC942}") = "AODV", "AODV\AODV.vcxproj", "{7A8F6483-97FE-4994-B8C4-2C936C566554}"
EndProject
Project("{8BC9CEB8-8B4A-11D0-8D11-00A0C91BC942}") = "Application", "Application\Application.vcxproj", "{EF2AD135-15C6-4649-A98E-08CC9FF369F6}"
EndProject
Project("{8BC9CEB8-8B4A-11D0-8D11-00A0C91BC942}") = "DSR", "DSR\DSR.vcxproj", "{2B8E9B32-7653-44B7-B0E8-9E77AA4236FD}"
EndProject
Project("{8BC9CEB8-8B4A-11D0-8D11-00A0C91BC942}") = "IP", "IP\IP.vcxproj", "{F1D7B159-4824-4C1C-95ED-AEDE836B903A}"
EndProject
Project("{8BC9CEB8-8B4A-11D0-8D11-00A0C91BC942}") = "Mobility", "Mobility\Mobility.vcxproj", "{E2B9EE72-8464-4270-8B14-E93A83C4CE84}"
EndProject
Project("{8BC9CEB8-8B4A-11D0-8D11-00A0C91BC942}") = "SupportFunction", "SupportFunction\SupportFunction.vcxproj", "{DCB267CB-0EA7-4299-BB33-9C9512F01194}"
EndProject
Project("{8BC9CEB8-8B4A-11D0-8D11-00A0C91BC942}") = "TCP", "TCP\TCP.vcxproj", "{09AC396A-DDE0-4B04-8B17-27A977786934}"
EndProject
Project("{8BC9CEB8-8B4A-11D0-8D11-00A0C91BC942}") = "UDP", "UDP\UDP.vcxproj", "{612C5146-DB1D-4703-9BB7-547AB5DED7F5}"
EndProject
Project("{8BC9CEB8-8B4A-11D0-8D11-00A0C91BC942}") = "ZRP", "ZRP\ZRP.vcxproj", "{5FA23BBC-CBF5-4F8D-AB2B-2059045B3438}"
EndProject
Project("{8BC9CEB8-8B4A-11D0-8D11-00A0C91BC942}") = "IEEE1609", "IEEE1609\IEEE1609.vcxproj", "{433F07EA-2379-40FB-A7FF-98E663361ACD}"
EndProject
Project("{8BC9CEB8-8B4A-11D0-8D11-00A0C91BC942}") = "IEEE802_11", "IEEE802_11\IEEE802_11.vcxproj", "{7E6EF5D6-E6DF-4485-BF8F-10482C949975}"
EndProject
Project("{8BC9CEB8-8B4A-11D0-8D11-00A0C91BC942}") = "BatteryModel", "BatteryModel\BatteryModel.vcxproj", "{56494E7D-9F8C-4A36-BCED-18C0DA7A227B}"
EndProject
Global
	GlobalSection(SolutionConfigurationPlatforms) = preSolution
		Debug|Win32 = Debug|Win32
		Debug|x64 = Debug|x64
		Release|Win32 = Release|Win32
		Release|x64 = Release|x64
	EndGlobalSection
	GlobalSection(ProjectConfigurationPlatforms) = postSolution
		{7A8F6483-97FE-4994-B8C4-2C936C566554}.Debug|Win32.ActiveCfg = Debug|Win32
		{7A8F6483-97FE-4994-B8C4-2C936C566554}.Debug|Win32.Build.0 = Debug|Win32
		{7A8F6483-97FE-4994-B8C4-2C936C566554}.Debug|x64.ActiveCfg = Debug|x64
		{7A8F6483-97FE-4994-B8C4-2C936C566554}.Debug|x64.Build.0 = Debug|x64
		{7A8F6483-97FE-4994-B8C4-2C936C566554}.Release|Win32.ActiveCfg = Release|Win32
		{7A8F6483-97FE-4994-B8C4-2C936C566554}.Release|Win32.Build.0 = Release|Win32
		{7A8F6483-97FE-4994-B8C4-2C936C566554}.Release|x64.ActiveCfg = Release|x64
		{7A8F6483-97FE-4994-B8C4-2C936C566554}.Release|x64.Build.0 = Release|x64
		{EF2AD135-15C6-4649-A98E-08CC9FF369F6}.Debug|Win32.ActiveCfg = Debug|Win32
		{EF2AD135-15C6-4649-A98E-08CC9FF369F6}.Debug|Win32.Build.0 = Debug|Win32
		{EF2AD135-15C6-4649-A98E-08CC9FF369F6}.Debug|x64.ActiveCfg = Debug|x64
		{EF2AD135-15C6-4649-A98E-08CC9FF369F6}.Debug|x64.Build.0 = Debug|x64
		{EF2AD135-15C6-4649-A98E-08CC9FF369F6}.Release|Win32.ActiveCfg = Release|Win32
		{EF2AD135-15C6-4649-A98E-08CC9FF369F6}.Release|Win32.Build.0 = Release|Win32
		{EF2AD135-15C6-4649-A98E-08CC9FF369F6}.Release|x64.ActiveCfg = Release|x64
		{EF2AD135-15C6-4649-A98E-08CC9FF369F6}.Release|x64.Build.0 = Release|x64
		{2B8E9B32-7653-44B7-B0E8-9E77AA4236FD}.Debug|Win32.ActiveCfg = Debug|Win32
		{2B8E9B32-7653-44B7-B0E8-9E77AA4236FD}.Debug|Win32.Build.0 = Debug|Win32
		{2B8E9B32-7653-44B7-B0E8-9E77AA4236FD}.Debug|x64.ActiveCfg = Debug|x64
		{2B8E9B32-7653-44B7-B0E8-9E77AA4236FD}.Debug|x64.Build.0 = Debug|x64
		{2B8E9B32-7653-44B7-B0E8-9E77AA4236FD}.Release|Win32.ActiveCfg = Release|Win32
		{2B8E9B32-7653-44B7-B0E8-9E77AA4236FD}.Release|Win32.Build.0 = Release|Win32
		{2B8E9B32-7653-44B7-B0E8-9E77AA4236FD}.Release|x64.ActiveCfg = Release|x64
		{2B8E9B32-7653-44B7-B0E8-9E77AA4236FD}.Release|x64.Build.0 = Release|x64
		{F1D7B159-4824-4C1C-95ED-AEDE836B903A}.Debug|Win32.ActiveCfg = Debug|Win32
		{F1D7B159-4824-4C1C-95ED-AEDE836B903A}.Debug|Win32.Build.0 = Debug|Win32
		{F1D7B159-4824-4C1C-95ED-AEDE836B903A}.Debug|x64.ActiveCfg = Debug|x64
		{F1D7B159-4824-4C1C-95ED-AEDE836B903A}.Debug|x64.Build.0 = Debug|x64
		{F1D7B159-4824-4C1C-95ED-AEDE836B903A}.Release|Win32.ActiveCfg = Release|Win32
		{F1D7B159-4824-4C1C-95ED-AEDE836B903A}.Release|Win32.Build.0 = Release|Win32
		{F1D7B159-4824-4C1C-95ED-AEDE836B903A}.Release|x64.ActiveCfg = Release|x64
		{F1D7B159-4824-4C1C-95ED-AEDE836B903A}.Release|x64.Build.0 = Release|x64
		{E2B9EE72-8464-4270-8B14-E93A83C4CE84}.Debug|Win32.ActiveCfg = Debug|Win32
		{E2B9EE72-8464-4270-8B14-E93A83C4CE84}.Debug|Win32.Build.0 = Debug|Win32
		{E2B9EE72-8464-4270-8B14-E93A83C4CE84}.Debug|x64.ActiveCfg = Debug|x64
		{E2B9EE72-8464-4270-8B14-E93A83C4CE84}.Debug|x64.Build.0 = Debug|x64
		{E2B9EE72-8464-4270-8B14-E93A83C4CE84}.Release|Win32.ActiveCfg = Release|Win32
		{E2B9EE72-8464-4270-8B14-E93A83C4CE84}.Release|Win32.Build.0 = Release|Win32
		{E2B9EE72-8464-4270-8B14-E93A83C4CE84}.Release|x64.ActiveCfg = Release|x64
		{E2B9EE72-8464-4270-8B14-E93A83C4CE84}.Release|x64.Build.0 = Release|x64
		{DCB267CB-0EA7-4299-BB33-9C9512F01194}.Debug|Win32.ActiveCfg = Debug|Win32
		{DCB267CB-0EA7-4299-BB33-9C9512F01194}.Debug|Win32.Build.0 = Debug|Win32
		{DCB267CB-0EA7-4299-BB33-9C9512F01194}.Debug|x64.ActiveCfg = Debug|x64
		{DCB267CB-0EA7-4299-BB33-9C9512F01194}.Debug|x64.Build.0 = Debug|x64
		{DCB267CB-0EA7-4299-BB33-9C9512F01194}.Release|Win32.ActiveCfg = Release|Win32
		{DCB267CB-0EA7-4299-BB33-9C9512F01194}.Release|Win32.Build.0 = Release|Win32
		{DCB267CB-0EA7-4299-BB33-9C9512F01194}.Release|x64.ActiveCfg = Release|x64
		{DCB267CB-0EA7-4299-BB33-9C9512F01194}.Release|x64.Build.0 = Release|x64
		{09AC396A-DDE0-4B04-8B17-27A977786934}.Debug|Win32.ActiveCfg = Debug|Win32
		{09AC396A-DDE0-4B04-8B17-27A977786934}.Debug|Win32.Build.0 = Debug|Win32
		{09AC396A-DDE0-4B04-8B17-27A977786934}.Debug|x64.ActiveCfg = Debug|x64
		{09AC396A-DDE0-4B04-8B17-27A977786934}.Debug|x64.Build.0 = Debug|x64
		{09AC396A-DDE0-4B04-8B17-27A977786934}.Release|Win32.ActiveCfg = Release|Win32
		{09AC396A-DDE0-4B04-8B17-27A977786934}.Release|Win32.Build.0 = Release|Win32
		{09AC396A-DDE0-4B04-8B17-27A977786934}.Release|x64.ActiveCfg = Release|x64
		{09AC396A-DDE0-4B04-8B17-27A977786934}.Release|x64.Build.0 = Release|x64
		{612C5146-DB1D-4703-9BB7-547AB5DED7F5}.Debug|Win32.ActiveCfg = Debug|Win32
		{612C5146-DB1D-4703-9BB7-547AB5DED7F5}.Debug|Win32.Build.0 = Debug|Win32
		{612C5146-DB1D-4703-9BB7-547AB5DED7F5}.Debug|x64.ActiveCfg = Debug|x64
		{612C5146-DB1D-4703-9BB7-547AB5DED7F5}.Debug|x64.Build.0 = Debug|x64
		{612C5146-DB1D-4703-9BB7-547AB5DED7F5}.Release|Win32.ActiveCfg = Release|Win32
		{612C5146-DB1D-4703-9BB7-547AB5DED7F5}.Release|Win32.Build.0 = Release|Win32
		{612C5146-DB1D-4703-9BB7-547AB5DED7F5}.Release|x64.ActiveCfg = Release|x64
		{612C5146-DB1D-4703-9BB7-547AB5DED7F5}.Release|x64.Build.0 = Release|x64
		{5FA23BBC-CBF5-4F8D-AB2B-2059045B3438}.Debug|Win32.ActiveCfg = Debug|Win32
		{5FA23BBC-CBF5-4F8D-AB2B-2059045B3438}.Debug|Win32.Build.0 = Debug|Win32
		{5FA23BBC-CBF5-4F8D-AB2B-2059045B3438}.Debug|x64.ActiveCfg = Debug|x64
		{5FA23BBC-CBF5-4F8D-AB2B-2059045B3438}.Debug|x64.Build.0 = Debug|x64
		{5FA23BBC-CBF5-4F8D-AB2B-2059045B3438}.Release|Win32.ActiveCfg = Release|Win32
		{5FA23BBC-CBF5-4F8D-AB2B-2059045B3438}.Release|Win32.Build.0 = Release|Win32
		{5FA23BBC-CBF5-4F8D-AB2B-2059045B3438}.Release|x64.ActiveCfg = Release|x64
		{5FA23BBC-CBF5-4F8D-AB2B-2059045B3438}.Release|x64.Build.0 = Release|x64
		{433F07EA-2379-40FB-A7FF-98E663361ACD}.Debug|Win32.ActiveCfg = Debug|Win32
		{433F07EA-2379-40FB-A7FF-98E663361ACD}.Debug|Win32.Build.0 = Debug|Win32
		{433F07EA-2379-40FB-A7FF-98E663361ACD}.Debug|x64.ActiveCfg = Debug|x64
		{433F07EA-2379-40FB-A7FF-98E663361ACD}.Debug|x64.Build.0 = Debug|x64
		{433F07EA-2379-40FB-A7FF-98E663361ACD}.Release|Win32.ActiveCfg = Release|Win32
		{433F07EA-2379-40FB-A7FF-98E663361ACD}.Release|Win32.Build.0 = Release|Win32
		{433F07EA-2379-40FB-A7FF-98E663361ACD}.Release|x64.ActiveCfg = Release|x64
		{433F07EA-2379-40FB-A7FF-98E663361ACD}.Release|x64.Build.0 = Release|x64
		{7E6EF5D6-E6DF-4485-BF8F-10482C949975}.Debug|Win32.ActiveCfg = Debug|Win32
		{7E6EF5D6-E6DF-4485-BF8F-10482C949975}.Debug|Win32.Build.0 = Debug|Win32
		{7E6EF5D6-E6DF-4485-BF8F-10482C949975}.Debug|x64.ActiveCfg = Debug|x64
		{7E6EF5D6-E6DF-4485-BF8F-10482C949975}.Debug|x64.Build.0 = Debug|x64
		{7E6EF5D6-E6DF-4485-BF8F-10482C949975}.Release|Win32.ActiveCfg = Release|Win32
		{7E6EF5D6-E6DF-4485-BF8F-10482C949975}.Release|Win32.Build.0 = Release|Win32
		{7E6EF5D6-E6DF-4485-BF8F-10482C949975}.Release|x64.ActiveCfg = Release|x64
		{7E6EF5D6-E6DF-4485-BF8F-10482C949975}.Release|x64.Build.0 = Release|x64
		{56494E7D-9F8C-4A36-BCED-18C0DA7A227B}.Debug|Win32.ActiveCfg = Debug|Win32
		{56494E7D-9F8C-4A36-BCED-18C0DA7A227B}.Debug|Win32.Build.0 = Debug|Win32
		{56494E7D-9F8C-4A36-BCED-18C0DA7A227B}.Debug|x64.ActiveCfg = Debug|x64
		{56494E7D-9F8C-4A36-BCED-18C0DA7A227B}.Debug|x64.Build.0 = Debug|x64
		{56494E7D-9F8C-4A36-BCED-18C0DA7A227B}.Release|Win32.ActiveCfg = Release|Win32
		{56494E7D-9F8C-4A36-BCED-18C0DA7A227B}.Release|Win32.Build.0 = Release|Win32
		{56494E7D-9F8C-4A36-BCED-18C0DA7A227B}.Release|x64.ActiveCfg = Release|x64
		{56494E7D-9F8C-4A36-BCED-18C0DA7A227B}.Release|x64.Build.0 = Release|x64
	EndGlobalSection
	GlobalSection(SolutionProperties) = preSolution
		HideSolutionNode = FALSE
	EndGlobalSection
	GlobalSection(ExtensibilityGlobals) = postSolution
		SolutionGuid = {D73456C5-B150-46C3-9E95-C282C6777726}
	EndGlobalSection
EndGlobal
